
Microsoft Visual Studio Solution File, Format Version 12.00
# Visual Studio 15
VisualStudioVersion = 15.0.28307.779
MinimumVisualStudioVersion = 10.0.40219.1
Project("{FAE04EC0-301F-11D3-BF4B-00C04F79EFBC}") = "PolatlıEksozSiparisForm", "PolatlıEksozSiparisForm\PolatlıEksozSiparisForm.csproj", "{B0EC417E-FF17-4DDA-85AE-1CA3691FE95A}"
EndProject
Global
	GlobalSection(SolutionConfigurationPlatforms) = preSolution
		Debug|Any CPU = Debug|Any CPU
		Release|Any CPU = Release|Any CPU
	EndGlobalSection
	GlobalSection(ProjectConfigurationPlatforms) = postSolution
		{B0EC417E-FF17-4DDA-85AE-1CA3691FE95A}.Debug|Any CPU.ActiveCfg = Debug|Any CPU
		{B0EC417E-FF17-4DDA-85AE-1CA3691FE95A}.Debug|Any CPU.Build.0 = Debug|Any CPU
		{B0EC417E-FF17-4DDA-85AE-1CA3691FE95A}.Release|Any CPU.ActiveCfg = Release|Any CPU
		{B0EC417E-FF17-4DDA-85AE-1CA3691FE95A}.Release|Any CPU.Build.0 = Release|Any CPU
	EndGlobalSection
	GlobalSection(SolutionProperties) = preSolution
		HideSolutionNode = FALSE
	EndGlobalSection
	GlobalSection(ExtensibilityGlobals) = postSolution
		SolutionGuid = {946B3CE1-8F7D-41D5-8B2C-F00460897596}
	EndGlobalSection
EndGlobal
